
Microsoft Visual Studio Solution File, Format Version 12.00
# Visual Studio 14
VisualStudioVersion = 14.0.25420.1
MinimumVisualStudioVersion = 10.0.40219.1
Project("{FAE04EC0-301F-11D3-BF4B-00C04F79EFBC}") = "SubTitleMaker", "SubTitleMaker\SubTitleMaker.csproj", "{EE9B0BF8-15F2-4422-82FE-74FB5EFE1079}"
EndProject
Project("{FAE04EC0-301F-11D3-BF4B-00C04F79EFBC}") = "SubTitleMaker.WPF", "SubTitleMaker.WPF\SubTitleMaker.WPF.csproj", "{DC183DA0-D170-4E56-B839-0AC9AD93A8D4}"
EndProject
Global
	GlobalSection(SolutionConfigurationPlatforms) = preSolution
		Debug|Any CPU = Debug|Any CPU
		Release|Any CPU = Release|Any CPU
	EndGlobalSection
	GlobalSection(ProjectConfigurationPlatforms) = postSolution
		{EE9B0BF8-15F2-4422-82FE-74FB5EFE1079}.Debug|Any CPU.ActiveCfg = Debug|Any CPU
		{EE9B0BF8-15F2-4422-82FE-74FB5EFE1079}.Debug|Any CPU.Build.0 = Debug|Any CPU
		{EE9B0BF8-15F2-4422-82FE-74FB5EFE1079}.Release|Any CPU.ActiveCfg = Release|Any CPU
		{EE9B0BF8-15F2-4422-82FE-74FB5EFE1079}.Release|Any CPU.Build.0 = Release|Any CPU
		{DC183DA0-D170-4E56-B839-0AC9AD93A8D4}.Debug|Any CPU.ActiveCfg = Debug|Any CPU
		{DC183DA0-D170-4E56-B839-0AC9AD93A8D4}.Debug|Any CPU.Build.0 = Debug|Any CPU
		{DC183DA0-D170-4E56-B839-0AC9AD93A8D4}.Release|Any CPU.ActiveCfg = Release|Any CPU
		{DC183DA0-D170-4E56-B839-0AC9AD93A8D4}.Release|Any CPU.Build.0 = Release|Any CPU
	EndGlobalSection
	GlobalSection(SolutionProperties) = preSolution
		HideSolutionNode = FALSE
	EndGlobalSection
EndGlobal
